<?xml version="1.0" encoding="utf-8"?>
<Project ToolsVersion="4.0" xmlns="http://schemas.microsoft.com/developer/msbuild/2003">
  <ItemGroup>
    <ClCompile Include="src\Application.cpp" />
    <ClCompile Include="vendor\template\opencl.cpp">
      <Filter>template</Filter>
    </ClCompile>
    <ClCompile Include="vendor\template\opengl.cpp">
      <Filter>template</Filter>
    </ClCompile>
    <ClCompile Include="vendor\template\surface.cpp">
      <Filter>template</Filter>
    </ClCompile>
    <ClCompile Include="vendor\template\template.cpp">
      <Filter>template</Filter>
    </ClCompile>
    <ClCompile Include="vendor\template\tmpl8math.cpp">
      <Filter>template</Filter>
    </ClCompile>
    <ClCompile Include="src\Engine\Renderables\Renderable.cpp">
      <Filter>Engine\Renderables</Filter>
    </ClCompile>
    <ClCompile Include="src\Engine\Renderables\LineSegment.cpp">
      <Filter>Engine\Renderables</Filter>
    </ClCompile>
    <ClCompile Include="src\Engine\Renderables\Grid.cpp">
      <Filter>Engine\Renderables</Filter>
    </ClCompile>
    <ClCompile Include="src\Engine\World\World.cpp">
      <Filter>Engine\World</Filter>
    </ClCompile>
    <ClCompile Include="src\Engine\GameObject\GameObject.cpp">
      <Filter>Engine\GameObject</Filter>
    </ClCompile>
    <ClCompile Include="src\Engine\Camera\Camera.cpp">
      <Filter>Engine\Camera</Filter>
    </ClCompile>
    <ClCompile Include="src\Game\Buildings\Building.cpp">
      <Filter>Game\Buildings</Filter>
    </ClCompile>
    <ClCompile Include="vendor\include\ImGui\imgui.cpp">
      <Filter>Vendor\ImGui</Filter>
    </ClCompile>
    <ClCompile Include="vendor\include\ImGui\imgui_demo.cpp">
      <Filter>Vendor\ImGui</Filter>
    </ClCompile>
    <ClCompile Include="vendor\include\ImGui\imgui_draw.cpp">
      <Filter>Vendor\ImGui</Filter>
    </ClCompile>
    <ClCompile Include="vendor\include\ImGui\imgui_impl_glfw.cpp">
      <Filter>Vendor\ImGui</Filter>
    </ClCompile>
    <ClCompile Include="vendor\include\ImGui\imgui_impl_opengl3.cpp">
      <Filter>Vendor\ImGui</Filter>
    </ClCompile>
    <ClCompile Include="vendor\include\ImGui\imgui_tables.cpp">
      <Filter>Vendor\ImGui</Filter>
    </ClCompile>
    <ClCompile Include="vendor\include\ImGui\imgui_widgets.cpp">
      <Filter>Vendor\ImGui</Filter>
    </ClCompile>
    <ClCompile Include="src\Game\TrainSystem\TrackManager.cpp">
      <Filter>Game\TrainSystem</Filter>
    </ClCompile>
    <ClCompile Include="src\Game\TrainSystem\TrackSegment.cpp">
      <Filter>Game\TrainSystem</Filter>
    </ClCompile>
    <ClCompile Include="src\Engine\Helpers\IDGenerator.cpp">
      <Filter>Engine\Helpers</Filter>
    </ClCompile>
    <ClCompile Include="src\Game\TrainSystem\Debugger\TrackDebugger.cpp">
      <Filter>Game\TrainSystem</Filter>
    </ClCompile>
    <ClCompile Include="src\Engine\Helpers\Logger.cpp">
      <Filter>Engine\Helpers</Filter>
    </ClCompile>
    <ClCompile Include="src\Engine\Helpers\Helpers.cpp">
      <Filter>Engine\Helpers</Filter>
    </ClCompile>
    <ClCompile Include="src\Engine\Renderables\CurvedSegment.cpp">
      <Filter>Engine\Renderables</Filter>
    </ClCompile>
    <ClCompile Include="src\Engine\Renderables\Circle.cpp">
      <Filter>Engine\Renderables</Filter>
    </ClCompile>
    <ClCompile Include="src\Engine\Input\InputManager.cpp">
      <Filter>Engine</Filter>
    </ClCompile>
    <ClCompile Include="src\Engine\UI\UIManager.cpp">
      <Filter>Engine</Filter>
    </ClCompile>
    <ClCompile Include="src\Game\TrainSystem\Serialization\TrackSerializer.cpp" />
    <ClCompile Include="src\Game\TrainSystem\TrainWalker\TrackWalker.cpp" />
    <ClCompile Include="src\Game\TrainSystem\Partials\TrackWalkerVisualizer.cpp" />
    <ClCompile Include="src\Game\TrainSystem\TrackBuilder.cpp" />
    <ClCompile Include="src\Engine\Renderables\Arrow.cpp" />
    <ClCompile Include="src\Engine\Data\ParticleSystem.cpp" />
    <ClCompile Include="src\Game\TrainSystem\TrackRenderer.cpp" />
    <ClCompile Include="src\Game\Trains\Wagon.cpp">
      <Filter>Game\Trains</Filter>
    </ClCompile>
    <ClCompile Include="src\Game\Trains\Train.cpp">
      <Filter>Game\Trains</Filter>
    </ClCompile>
  </ItemGroup>
  <ItemGroup>
    <ClInclude Include="src\Application.h" />
    <ClInclude Include="vendor\template\common.h">
      <Filter>template</Filter>
    </ClInclude>
    <ClInclude Include="vendor\template\opencl.h">
      <Filter>template</Filter>
    </ClInclude>
    <ClInclude Include="vendor\template\opengl.h">
      <Filter>template</Filter>
    </ClInclude>
    <ClInclude Include="vendor\template\precomp.h">
      <Filter>template</Filter>
    </ClInclude>
    <ClInclude Include="vendor\template\surface.h">
      <Filter>template</Filter>
    </ClInclude>
    <ClInclude Include="vendor\template\tmpl8math.h">
      <Filter>template</Filter>
    </ClInclude>
    <ClInclude Include="src\Engine\Renderables\Renderable.h">
      <Filter>Engine\Renderables</Filter>
    </ClInclude>
    <ClInclude Include="src\Engine\Renderables\LineSegment.h">
      <Filter>Engine\Renderables</Filter>
    </ClInclude>
    <ClInclude Include="src\Engine\Renderables\Grid.h">
      <Filter>Engine\Renderables</Filter>
    </ClInclude>
    <ClInclude Include="src\Engine\World\World.h">
      <Filter>Engine\World</Filter>
    </ClInclude>
    <ClInclude Include="src\Engine\GameObject\GameObject.h">
      <Filter>Engine\GameObject</Filter>
    </ClInclude>
    <ClInclude Include="src\Engine\Data\Transform.h">
      <Filter>Engine\Data</Filter>
    </ClInclude>
    <ClInclude Include="src\Engine\Camera\Camera.h">
      <Filter>Engine\Camera</Filter>
    </ClInclude>
    <ClInclude Include="src\Game\Buildings\Building.h">
      <Filter>Game\Buildings</Filter>
    </ClInclude>
    <ClInclude Include="src\Game\TrainSystem\TrackSegment.h">
      <Filter>Game\TrainSystem</Filter>
    </ClInclude>
    <ClInclude Include="src\Game\TrainSystem\TrackManager.h">
      <Filter>Game\TrainSystem</Filter>
    </ClInclude>
    <ClInclude Include="src\Engine\Helpers\Helpers.h">
      <Filter>Engine\Helpers</Filter>
    </ClInclude>
    <ClInclude Include="src\Engine\Helpers\IDGenerator.h">
      <Filter>Engine\Helpers</Filter>
    </ClInclude>
    <ClInclude Include="src\Game\TrainSystem\Debugger\TrackDebugger.h">
      <Filter>Game\TrainSystem</Filter>
    </ClInclude>
    <ClInclude Include="src\Engine\Helpers\Logger.h">
      <Filter>Engine\Helpers</Filter>
    </ClInclude>
    <ClInclude Include="src\Engine\Renderables\CurvedSegment.h">
      <Filter>Engine\Renderables</Filter>
    </ClInclude>
    <ClInclude Include="src\Engine\Renderables\Circle.h">
      <Filter>Engine\Renderables</Filter>
    </ClInclude>
    <ClInclude Include="src\Engine\UI\UIManager.h">
      <Filter>Engine</Filter>
    </ClInclude>
    <ClInclude Include="src\Engine\Input\InputManager.h">
      <Filter>Engine</Filter>
    </ClInclude>
    <ClInclude Include="src\Game\TrainSystem\Serialization\TrackSerializer.h" />
    <ClInclude Include="src\Game\TrainSystem\TrainWalker\TrackWalker.h" />
    <ClInclude Include="src\Game\TrainSystem\Partials\TrackWalkerVisualizer.h" />
    <ClInclude Include="src\Game\TrainSystem\TrackBuilder.h" />
    <ClInclude Include="src\Engine\Renderables\Arrow.h" />
    <ClInclude Include="src\Engine\Data\ParticleSystem.h" />
    <ClInclude Include="src\Game\TrainSystem\TrackRenderer.h" />
    <ClInclude Include="src\Game\Trains\Wagon.h">
      <Filter>Game\Trains</Filter>
    </ClInclude>
    <ClInclude Include="src\Game\Trains\Train.h">
      <Filter>Game\Trains</Filter>
    </ClInclude>
  </ItemGroup>
  <ItemGroup>
    <None Include="README.md">
      <Filter>template</Filter>
    </None>
    <None Include="vendor\template\LICENSE">
      <Filter>template</Filter>
    </None>
  </ItemGroup>
  <ItemGroup>
    <Filter Include="template">
      <UniqueIdentifier>{c65d8edd-a382-4ee7-9af9-5d04810e2884}</UniqueIdentifier>
    </Filter>
    <Filter Include="Engine">
      <UniqueIdentifier>{11fbbeb3-362a-4df1-9f8e-cb17fd5ece21}</UniqueIdentifier>
    </Filter>
    <Filter Include="Engine\Renderables">
      <UniqueIdentifier>{5cefb866-4d07-48cf-9aa8-05d00a1f17d3}</UniqueIdentifier>
    </Filter>
    <Filter Include="template\kernels">
      <UniqueIdentifier>{96ad1716-f468-46c6-8f16-5accbc19d76c}</UniqueIdentifier>
    </Filter>
    <Filter Include="Game">
      <UniqueIdentifier>{c0771e46-ab48-476a-bc10-d1da5c744f46}</UniqueIdentifier>
    </Filter>
    <Filter Include="Engine\World">
      <UniqueIdentifier>{80375fdf-3d9f-417e-a4c4-559484556de0}</UniqueIdentifier>
    </Filter>
    <Filter Include="Engine\GameObject">
      <UniqueIdentifier>{0b9b4109-26fa-4d80-a41a-aa3d2e3e24f4}</UniqueIdentifier>
    </Filter>
    <Filter Include="Engine\Data">
      <UniqueIdentifier>{31659d66-b3df-4eee-8241-10392c3a854b}</UniqueIdentifier>
    </Filter>
    <Filter Include="Engine\Camera">
      <UniqueIdentifier>{5022b4c9-8a9d-4f9c-a37d-66de7714b96f}</UniqueIdentifier>
    </Filter>
    <Filter Include="Game\Buildings">
      <UniqueIdentifier>{58cb971e-30af-4758-bff9-0a081309f68b}</UniqueIdentifier>
    </Filter>
    <Filter Include="Vendor">
      <UniqueIdentifier>{154d7373-fb40-4314-93fb-831af533856b}</UniqueIdentifier>
    </Filter>
    <Filter Include="Vendor\ImGui">
      <UniqueIdentifier>{1555562d-3722-4b1c-a9f1-d5c0fb33d27e}</UniqueIdentifier>
    </Filter>
    <Filter Include="Game\TrainSystem">
      <UniqueIdentifier>{06e81e24-c92d-4bbf-8738-98b83e560680}</UniqueIdentifier>
    </Filter>
    <Filter Include="Engine\Helpers">
      <UniqueIdentifier>{2eb62a79-8df9-48bc-acfe-88862b2078ca}</UniqueIdentifier>
    </Filter>
    <Filter Include="Game\Trains">
      <UniqueIdentifier>{9c5e1122-ebce-45fd-92ab-c13bb9706a7d}</UniqueIdentifier>
    </Filter>
  </ItemGroup>
</Project>