<?xml version="1.0" encoding="utf-8"?>
<Project ToolsVersion="4.0" xmlns="http://schemas.microsoft.com/developer/msbuild/2003">
  <ItemGroup>
    <ClCompile Include="src\Application.cpp" />
    <ClCompile Include="vendor\template\opencl.cpp">
      <Filter>template</Filter>
    </ClCompile>
    <ClCompile Include="vendor\template\opengl.cpp">
      <Filter>template</Filter>
    </ClCompile>
    <ClCompile Include="vendor\template\surface.cpp">
      <Filter>template</Filter>
    </ClCompile>
    <ClCompile Include="vendor\template\template.cpp">
      <Filter>template</Filter>
    </ClCompile>
    <ClCompile Include="vendor\template\tmpl8math.cpp">
      <Filter>template</Filter>
    </ClCompile>
    <ClCompile Include="src\Engine\Renderables\Renderable.cpp">
      <Filter>Engine\Renderables</Filter>
    </ClCompile>
    <ClCompile Include="src\Engine\Renderables\LineSegment.cpp">
      <Filter>Engine\Renderables</Filter>
    </ClCompile>
    <ClCompile Include="src\Engine\Renderables\Grid.cpp">
      <Filter>Engine\Renderables</Filter>
    </ClCompile>
    <ClCompile Include="src\Engine\InputManager.cpp">
      <Filter>Engine</Filter>
    </ClCompile>
    <ClCompile Include="src\Engine\World\World.cpp">
      <Filter>Engine\World</Filter>
    </ClCompile>
    <ClCompile Include="src\Engine\GameObject\GameObject.cpp">
      <Filter>Engine\GameObject</Filter>
    </ClCompile>
    <ClCompile Include="src\Engine\Camera\Camera.cpp">
      <Filter>Engine\Camera</Filter>
    </ClCompile>
  </ItemGroup>
  <ItemGroup>
    <ClInclude Include="src\Application.h" />
    <ClInclude Include="vendor\template\common.h">
      <Filter>template</Filter>
    </ClInclude>
    <ClInclude Include="vendor\template\opencl.h">
      <Filter>template</Filter>
    </ClInclude>
    <ClInclude Include="vendor\template\opengl.h">
      <Filter>template</Filter>
    </ClInclude>
    <ClInclude Include="vendor\template\precomp.h">
      <Filter>template</Filter>
    </ClInclude>
    <ClInclude Include="vendor\template\surface.h">
      <Filter>template</Filter>
    </ClInclude>
    <ClInclude Include="vendor\template\tmpl8math.h">
      <Filter>template</Filter>
    </ClInclude>
    <ClInclude Include="src\Engine\Renderables\Renderable.h">
      <Filter>Engine\Renderables</Filter>
    </ClInclude>
    <ClInclude Include="src\Engine\Renderables\LineSegment.h">
      <Filter>Engine\Renderables</Filter>
    </ClInclude>
    <ClInclude Include="src\Engine\Renderables\Grid.h">
      <Filter>Engine\Renderables</Filter>
    </ClInclude>
    <ClInclude Include="src\Engine\InputManager.h">
      <Filter>Engine</Filter>
    </ClInclude>
    <ClInclude Include="src\Engine\World\World.h">
      <Filter>Engine\World</Filter>
    </ClInclude>
    <ClInclude Include="src\Engine\GameObject\GameObject.h">
      <Filter>Engine\GameObject</Filter>
    </ClInclude>
    <ClInclude Include="src\Engine\Data\Transform.h">
      <Filter>Engine\Data</Filter>
    </ClInclude>
    <ClInclude Include="src\Engine\Camera\Camera.h">
      <Filter>Engine\Camera</Filter>
    </ClInclude>
  </ItemGroup>
  <ItemGroup>
    <None Include="README.md">
      <Filter>template</Filter>
    </None>
    <None Include="vendor\template\LICENSE">
      <Filter>template</Filter>
    </None>
  </ItemGroup>
  <ItemGroup>
    <Filter Include="template">
      <UniqueIdentifier>{c65d8edd-a382-4ee7-9af9-5d04810e2884}</UniqueIdentifier>
    </Filter>
    <Filter Include="Engine">
      <UniqueIdentifier>{11fbbeb3-362a-4df1-9f8e-cb17fd5ece21}</UniqueIdentifier>
    </Filter>
    <Filter Include="Engine\Renderables">
      <UniqueIdentifier>{5cefb866-4d07-48cf-9aa8-05d00a1f17d3}</UniqueIdentifier>
    </Filter>
    <Filter Include="template\kernels">
      <UniqueIdentifier>{96ad1716-f468-46c6-8f16-5accbc19d76c}</UniqueIdentifier>
    </Filter>
    <Filter Include="Game">
      <UniqueIdentifier>{c0771e46-ab48-476a-bc10-d1da5c744f46}</UniqueIdentifier>
    </Filter>
    <Filter Include="Engine\World">
      <UniqueIdentifier>{80375fdf-3d9f-417e-a4c4-559484556de0}</UniqueIdentifier>
    </Filter>
    <Filter Include="Engine\GameObject">
      <UniqueIdentifier>{0b9b4109-26fa-4d80-a41a-aa3d2e3e24f4}</UniqueIdentifier>
    </Filter>
    <Filter Include="Engine\Data">
      <UniqueIdentifier>{31659d66-b3df-4eee-8241-10392c3a854b}</UniqueIdentifier>
    </Filter>
    <Filter Include="Engine\Camera">
      <UniqueIdentifier>{5022b4c9-8a9d-4f9c-a37d-66de7714b96f}</UniqueIdentifier>
    </Filter>
  </ItemGroup>
</Project>